
Microsoft Visual Studio Solution File, Format Version 12.00
# Visual Studio Version 17
VisualStudioVersion = 17.3.32901.215
MinimumVisualStudioVersion = 10.0.40219.1
Project("{FAE04EC0-301F-11D3-BF4B-00C04F79EFBC}") = "Pr1", "Pr1\Pr1.csproj", "{8850DE27-BFA7-49DF-B2E8-A35B6AFCCEAF}"
EndProject
Project("{FAE04EC0-301F-11D3-BF4B-00C04F79EFBC}") = "Pr2", "Pr2\Pr2.csproj", "{1FC654A2-95C2-48F6-B8B1-D1257A1670BD}"
EndProject
Global
	GlobalSection(SolutionConfigurationPlatforms) = preSolution
		Debug|Any CPU = Debug|Any CPU
		Release|Any CPU = Release|Any CPU
	EndGlobalSection
	GlobalSection(ProjectConfigurationPlatforms) = postSolution
		{8850DE27-BFA7-49DF-B2E8-A35B6AFCCEAF}.Debug|Any CPU.ActiveCfg = Debug|Any CPU
		{8850DE27-BFA7-49DF-B2E8-A35B6AFCCEAF}.Debug|Any CPU.Build.0 = Debug|Any CPU
		{8850DE27-BFA7-49DF-B2E8-A35B6AFCCEAF}.Release|Any CPU.ActiveCfg = Release|Any CPU
		{8850DE27-BFA7-49DF-B2E8-A35B6AFCCEAF}.Release|Any CPU.Build.0 = Release|Any CPU
		{1FC654A2-95C2-48F6-B8B1-D1257A1670BD}.Debug|Any CPU.ActiveCfg = Debug|Any CPU
		{1FC654A2-95C2-48F6-B8B1-D1257A1670BD}.Debug|Any CPU.Build.0 = Debug|Any CPU
		{1FC654A2-95C2-48F6-B8B1-D1257A1670BD}.Release|Any CPU.ActiveCfg = Release|Any CPU
		{1FC654A2-95C2-48F6-B8B1-D1257A1670BD}.Release|Any CPU.Build.0 = Release|Any CPU
	EndGlobalSection
	GlobalSection(SolutionProperties) = preSolution
		HideSolutionNode = FALSE
	EndGlobalSection
	GlobalSection(ExtensibilityGlobals) = postSolution
		SolutionGuid = {B6F57350-A273-4345-A7F0-93AE245E4588}
	EndGlobalSection
EndGlobal
